Microsoft Visual Studio Solution File, Format Version 11.00
# Visual Studio 2008

Project("{DCCE858A-39FD-90A4-7812-EC414004F514}") = "Gamejam", "Assembly-CSharp-firstpass-vs.csproj", "{BAACC6F1-4A43-D4D0-EB47-039314FC0003}"
EndProject
Project("{DCCE858A-39FD-90A4-7812-EC414004F514}") = "Gamejam", "Assembly-CSharp-vs.csproj", "{86211EB8-4B43-3E4C-0709-71E43D382CCA}"
EndProject
Global
	GlobalSection(SolutionConfigurationPlatforms) = preSolution
		Debug|Any CPU = Debug|Any CPU
		Release|Any CPU = Release|Any CPU
	EndGlobalSection
	GlobalSection(ProjectConfigurationPlatforms) = postSolution
		{BAACC6F1-4A43-D4D0-EB47-039314FC0003}.Debug|Any CPU.ActiveCfg = Debug|Any CPU
		{BAACC6F1-4A43-D4D0-EB47-039314FC0003}.Debug|Any CPU.Build.0 = Debug|Any CPU
		{BAACC6F1-4A43-D4D0-EB47-039314FC0003}.Release|Any CPU.ActiveCfg = Release|Any CPU
		{BAACC6F1-4A43-D4D0-EB47-039314FC0003}.Release|Any CPU.Build.0 = Release|Any CPU
		{86211EB8-4B43-3E4C-0709-71E43D382CCA}.Debug|Any CPU.ActiveCfg = Debug|Any CPU
		{86211EB8-4B43-3E4C-0709-71E43D382CCA}.Debug|Any CPU.Build.0 = Debug|Any CPU
		{86211EB8-4B43-3E4C-0709-71E43D382CCA}.Release|Any CPU.ActiveCfg = Release|Any CPU
		{86211EB8-4B43-3E4C-0709-71E43D382CCA}.Release|Any CPU.Build.0 = Release|Any CPU
	EndGlobalSection
	GlobalSection(SolutionProperties) = preSolution
		HideSolutionNode = FALSE
	EndGlobalSection
																															GlobalSection(MonoDevelopProperties) = preSolution
		StartupItem = Assembly-CSharp.csproj
		Policies = $0
		$0.TextStylePolicy = $1
		$1.inheritsSet = null
		$1.scope = text/x-csharp
		$0.CSharpFormattingPolicy = $2
		$2.inheritsSet = Mono
		$2.inheritsScope = text/x-csharp
		$2.scope = text/x-csharp
		$0.TextStylePolicy = $3
		$3.FileWidth = 120
		$3.TabWidth = 4
		$3.EolMarker = Unix
		$3.inheritsSet = Mono
		$3.inheritsScope = text/plain
		$3.scope = text/plain
	EndGlobalSection

EndGlobal
